// !$*UTF8*$!
{
	archiveVersion = 1;
	classes = {
	};
	objectVersion = 77;
	objects = {

/* Begin PBXBuildFile section */
		0F7BD5992EEC55FA00FFBDDD /* ParentControlNSE.appex in Embed Foundation Extensions */ = {isa = PBXBuildFile; fileRef = 0F7BD5922EEC55FA00FFBDDD /* ParentControlNSE.appex */; settings = {ATTRIBUTES = (RemoveHeadersOnCopy, ); }; };
		FC4656C72EC766E100BBCD62 /* ActivityReportExtension.appex in Embed ExtensionKit Extensions */ = {isa = PBXBuildFile; fileRef = FC4656BB2EC766E100BBCD62 /* ActivityReportExtension.appex */; settings = {ATTRIBUTES = (RemoveHeadersOnCopy, ); }; };
		FC8124D02EE02EBB0085AD05 /* DeviceActivity.framework in Frameworks */ = {isa = PBXBuildFile; fileRef = FC6DAA302ED70D48000C582E /* DeviceActivity.framework */; };
		FC8124D82EE02EBB0085AD05 /* ActivityMonitorExtension.appex in Embed Foundation Extensions */ = {isa = PBXBuildFile; fileRef = FC8124CF2EE02EBB0085AD05 /* ActivityMonitorExtension.appex */; settings = {ATTRIBUTES = (RemoveHeadersOnCopy, ); }; };
/* End PBXBuildFile section */

/* Begin PBXContainerItemProxy section */
		0F7BD5972EEC55FA00FFBDDD /* PBXContainerItemProxy */ = {
			isa = PBXContainerItemProxy;
			containerPortal = FC8A8A0A2EC1499C009A90EF /* Project object */;
			proxyType = 1;
			remoteGlobalIDString = 0F7BD5912EEC55FA00FFBDDD;
			remoteInfo = ParentControlNSE;
		};
		FC4656C52EC766E100BBCD62 /* PBXContainerItemProxy */ = {
			isa = PBXContainerItemProxy;
			containerPortal = FC8A8A0A2EC1499C009A90EF /* Project object */;
			proxyType = 1;
			remoteGlobalIDString = FC4656BA2EC766E100BBCD62;
			remoteInfo = ActivityReportExtension;
		};
		FC8124D62EE02EBB0085AD05 /* PBXContainerItemProxy */ = {
			isa = PBXContainerItemProxy;
			containerPortal = FC8A8A0A2EC1499C009A90EF /* Project object */;
			proxyType = 1;
			remoteGlobalIDString = FC8124CE2EE02EBB0085AD05;
			remoteInfo = ActivityMonitorExtension;
		};
		FC8A8A232EC1499E009A90EF /* PBXContainerItemProxy */ = {
			isa = PBXContainerItemProxy;
			containerPortal = FC8A8A0A2EC1499C009A90EF /* Project object */;
			proxyType = 1;
			remoteGlobalIDString = FC8A8A112EC1499C009A90EF;
			remoteInfo = Parent;
		};
		FC8A8A2D2EC1499E009A90EF /* PBXContainerItemProxy */ = {
			isa = PBXContainerItemProxy;
			containerPortal = FC8A8A0A2EC1499C009A90EF /* Project object */;
			proxyType = 1;
			remoteGlobalIDString = FC8A8A112EC1499C009A90EF;
			remoteInfo = Parent;
		};
/* End PBXContainerItemProxy section */

/* Begin PBXCopyFilesBuildPhase section */
		FC0066F72ED596820027118B /* Embed Foundation Extensions */ = {
			isa = PBXCopyFilesBuildPhase;
			buildActionMask = 2147483647;
			dstPath = "";
			dstSubfolderSpec = 13;
			files = (
				FC8124D82EE02EBB0085AD05 /* ActivityMonitorExtension.appex in Embed Foundation Extensions */,
				0F7BD5992EEC55FA00FFBDDD /* ParentControlNSE.appex in Embed Foundation Extensions */,
			);
			name = "Embed Foundation Extensions";
			runOnlyForDeploymentPostprocessing = 0;
		};
		FC4656CC2EC766E100BBCD62 /* Embed ExtensionKit Extensions */ = {
			isa = PBXCopyFilesBuildPhase;
			buildActionMask = 2147483647;
			dstPath = "$(EXTENSIONS_FOLDER_PATH)";
			dstSubfolderSpec = 16;
			files = (
				FC4656C72EC766E100BBCD62 /* ActivityReportExtension.appex in Embed ExtensionKit Extensions */,
			);
			name = "Embed ExtensionKit Extensions";
			runOnlyForDeploymentPostprocessing = 0;
		};
/* End PBXCopyFilesBuildPhase section */

/* Begin PBXFileReference section */
		0F7BD5922EEC55FA00FFBDDD /* ParentControlNSE.appex */ = {isa = PBXFileReference; explicitFileType = "wrapper.app-extension"; includeInIndex = 0; path = ParentControlNSE.appex; sourceTree = BUILT_PRODUCTS_DIR; };
		FC4656BB2EC766E100BBCD62 /* ActivityReportExtension.appex */ = {isa = PBXFileReference; explicitFileType = "wrapper.extensionkit-extension"; includeInIndex = 0; path = ActivityReportExtension.appex; sourceTree = BUILT_PRODUCTS_DIR; };
		FC6DAA302ED70D48000C582E /* DeviceActivity.framework */ = {isa = PBXFileReference; lastKnownFileType = wrapper.framework; name = DeviceActivity.framework; path = System/Library/Frameworks/DeviceActivity.framework; sourceTree = SDKROOT; };
		FC8124CF2EE02EBB0085AD05 /* ActivityMonitorExtension.appex */ = {isa = PBXFileReference; explicitFileType = "wrapper.app-extension"; includeInIndex = 0; path = ActivityMonitorExtension.appex; sourceTree = BUILT_PRODUCTS_DIR; };
		FC8A8A122EC1499C009A90EF /* Parent.app */ = {isa = PBXFileReference; explicitFileType = wrapper.application; includeInIndex = 0; path = Parent.app; sourceTree = BUILT_PRODUCTS_DIR; };
		FC8A8A222EC1499E009A90EF /* ParentTests.xctest */ = {isa = PBXFileReference; explicitFileType = wrapper.cfbundle; includeInIndex = 0; path = ParentTests.xctest; sourceTree = BUILT_PRODUCTS_DIR; };
		FC8A8A2C2EC1499E009A90EF /* ParentUITests.xctest */ = {isa = PBXFileReference; explicitFileType = wrapper.cfbundle; includeInIndex = 0; path = ParentUITests.xctest; sourceTree = BUILT_PRODUCTS_DIR; };
/* End PBXFileReference section */

/* Begin PBXFileSystemSynchronizedBuildFileExceptionSet section */
		0F7BD59D2EEC55FA00FFBDDD /* Exceptions for "ParentControlNSE" folder in "ParentControlNSE" target */ = {
			isa = PBXFileSystemSynchronizedBuildFileExceptionSet;
			membershipExceptions = (
				Info.plist,
			);
			target = 0F7BD5912EEC55FA00FFBDDD /* ParentControlNSE */;
		};
		0FD520882EEC6AFB007AB816 /* Exceptions for "Parent" folder in "ParentControlNSE" target */ = {
			isa = PBXFileSystemSynchronizedBuildFileExceptionSet;
			membershipExceptions = (
				Modules/Models/FocusSchedule.swift,
			);
			target = 0F7BD5912EEC55FA00FFBDDD /* ParentControlNSE */;
		};
		FC4656CB2EC766E100BBCD62 /* Exceptions for "ActivityReportExtension" folder in "ActivityReportExtension" target */ = {
			isa = PBXFileSystemSynchronizedBuildFileExceptionSet;
			membershipExceptions = (
				Info.plist,
			);
			target = FC4656BA2EC766E100BBCD62 /* ActivityReportExtension */;
		};
		FC6DAA682ED8887D000C582E /* Exceptions for "ActivityReportExtension" folder in "Parent" target */ = {
			isa = PBXFileSystemSynchronizedBuildFileExceptionSet;
			membershipExceptions = (
				ActivityReportModels.swift,
				Notifications/AppNotificationsChartView.swift,
			);
			target = FC8A8A112EC1499C009A90EF /* Parent */;
		};
		FC8124DC2EE02EBB0085AD05 /* Exceptions for "ActivityMonitorExtension" folder in "ActivityMonitorExtension" target */ = {
			isa = PBXFileSystemSynchronizedBuildFileExceptionSet;
			membershipExceptions = (
				Info.plist,
			);
			target = FC8124CE2EE02EBB0085AD05 /* ActivityMonitorExtension */;
		};
		FC8A8A6E2EC1D937009A90EF /* Exceptions for "Parent" folder in "Parent" target */ = {
			isa = PBXFileSystemSynchronizedBuildFileExceptionSet;
			membershipExceptions = (
				Info.plist,
			);
			target = FC8A8A112EC1499C009A90EF /* Parent */;
		};
		FC999DAF2EE2D981007359DC /* Exceptions for "Parent" folder in "ActivityMonitorExtension" target */ = {
			isa = PBXFileSystemSynchronizedBuildFileExceptionSet;
			membershipExceptions = (
				Modules/Models/Child.swift,
				Modules/Models/ChildLocation.swift,
				Modules/Models/Enums/MemberType.swift,
			);
			target = FC8124CE2EE02EBB0085AD05 /* ActivityMonitorExtension */;
		};
/* End PBXFileSystemSynchronizedBuildFileExceptionSet section */

/* Begin PBXFileSystemSynchronizedRootGroup section */
		0F7BD5932EEC55FA00FFBDDD /* ParentControlNSE */ = {
			isa = PBXFileSystemSynchronizedRootGroup;
			exceptions = (
				0F7BD59D2EEC55FA00FFBDDD /* Exceptions for "ParentControlNSE" folder in "ParentControlNSE" target */,
			);
			path = ParentControlNSE;
			sourceTree = "<group>";
		};
		FC4656BC2EC766E100BBCD62 /* ActivityReportExtension */ = {
			isa = PBXFileSystemSynchronizedRootGroup;
			exceptions = (
				FC6DAA682ED8887D000C582E /* Exceptions for "ActivityReportExtension" folder in "Parent" target */,
				FC4656CB2EC766E100BBCD62 /* Exceptions for "ActivityReportExtension" folder in "ActivityReportExtension" target */,
			);
			path = ActivityReportExtension;
			sourceTree = "<group>";
		};
		FC8124D12EE02EBB0085AD05 /* ActivityMonitorExtension */ = {
			isa = PBXFileSystemSynchronizedRootGroup;
			exceptions = (
				FC8124DC2EE02EBB0085AD05 /* Exceptions for "ActivityMonitorExtension" folder in "ActivityMonitorExtension" target */,
			);
			path = ActivityMonitorExtension;
			sourceTree = "<group>";
		};
		FC8A8A142EC1499C009A90EF /* Parent */ = {
			isa = PBXFileSystemSynchronizedRootGroup;
			exceptions = (
				FC8A8A6E2EC1D937009A90EF /* Exceptions for "Parent" folder in "Parent" target */,
				FC999DAF2EE2D981007359DC /* Exceptions for "Parent" folder in "ActivityMonitorExtension" target */,
				0FD520882EEC6AFB007AB816 /* Exceptions for "Parent" folder in "ParentControlNSE" target */,
			);
			path = Parent;
			sourceTree = "<group>";
		};
		FC8A8A252EC1499E009A90EF /* ParentTests */ = {
			isa = PBXFileSystemSynchronizedRootGroup;
			path = ParentTests;
			sourceTree = "<group>";
		};
		FC8A8A2F2EC1499E009A90EF /* ParentUITests */ = {
			isa = PBXFileSystemSynchronizedRootGroup;
			path = ParentUITests;
			sourceTree = "<group>";
		};
/* End PBXFileSystemSynchronizedRootGroup section */

/* Begin PBXFrameworksBuildPhase section */
		0F7BD58F2EEC55FA00FFBDDD /* Frameworks */ = {
			isa = PBXFrameworksBuildPhase;
			buildActionMask = 2147483647;
			files = (
			);
			runOnlyForDeploymentPostprocessing = 0;
		};
		FC4656B82EC766E100BBCD62 /* Frameworks */ = {
			isa = PBXFrameworksBuildPhase;
			buildActionMask = 2147483647;
			files = (
			);
			runOnlyForDeploymentPostprocessing = 0;
		};
		FC8124CC2EE02EBB0085AD05 /* Frameworks */ = {
			isa = PBXFrameworksBuildPhase;
			buildActionMask = 2147483647;
			files = (
				FC8124D02EE02EBB0085AD05 /* DeviceActivity.framework in Frameworks */,
			);
			runOnlyForDeploymentPostprocessing = 0;
		};
		FC8A8A0F2EC1499C009A90EF /* Frameworks */ = {
			isa = PBXFrameworksBuildPhase;
			buildActionMask = 2147483647;
			files = (
			);
			runOnlyForDeploymentPostprocessing = 0;
		};
		FC8A8A1F2EC1499E009A90EF /* Frameworks */ = {
			isa = PBXFrameworksBuildPhase;
			buildActionMask = 2147483647;
			files = (
			);
			runOnlyForDeploymentPostprocessing = 0;
		};
		FC8A8A292EC1499E009A90EF /* Frameworks */ = {
			isa = PBXFrameworksBuildPhase;
			buildActionMask = 2147483647;
			files = (
			);
			runOnlyForDeploymentPostprocessing = 0;
		};
/* End PBXFrameworksBuildPhase section */

/* Begin PBXGroup section */
		FC6DAA2F2ED70D48000C582E /* Frameworks */ = {
			isa = PBXGroup;
			children = (
				FC6DAA302ED70D48000C582E /* DeviceActivity.framework */,
			);
			name = Frameworks;
			sourceTree = "<group>";
		};
		FC8A8A092EC1499C009A90EF = {
			isa = PBXGroup;
			children = (
				FC8A8A142EC1499C009A90EF /* Parent */,
				FC8A8A252EC1499E009A90EF /* ParentTests */,
				FC8A8A2F2EC1499E009A90EF /* ParentUITests */,
				FC4656BC2EC766E100BBCD62 /* ActivityReportExtension */,
				FC8124D12EE02EBB0085AD05 /* ActivityMonitorExtension */,
				0F7BD5932EEC55FA00FFBDDD /* ParentControlNSE */,
				FC6DAA2F2ED70D48000C582E /* Frameworks */,
				FC8A8A132EC1499C009A90EF /* Products */,
			);
			sourceTree = "<group>";
		};
		FC8A8A132EC1499C009A90EF /* Products */ = {
			isa = PBXGroup;
			children = (
				FC8A8A122EC1499C009A90EF /* Parent.app */,
				FC8A8A222EC1499E009A90EF /* ParentTests.xctest */,
				FC8A8A2C2EC1499E009A90EF /* ParentUITests.xctest */,
				FC4656BB2EC766E100BBCD62 /* ActivityReportExtension.appex */,
				FC8124CF2EE02EBB0085AD05 /* ActivityMonitorExtension.appex */,
				0F7BD5922EEC55FA00FFBDDD /* ParentControlNSE.appex */,
			);
			name = Products;
			sourceTree = "<group>";
		};
/* End PBXGroup section */

/* Begin PBXNativeTarget section */
		0F7BD5912EEC55FA00FFBDDD /* ParentControlNSE */ = {
			isa = PBXNativeTarget;
			buildConfigurationList = 0F7BD59A2EEC55FA00FFBDDD /* Build configuration list for PBXNativeTarget "ParentControlNSE" */;
			buildPhases = (
				0F7BD58E2EEC55FA00FFBDDD /* Sources */,
				0F7BD58F2EEC55FA00FFBDDD /* Frameworks */,
				0F7BD5902EEC55FA00FFBDDD /* Resources */,
			);
			buildRules = (
			);
			dependencies = (
			);
			fileSystemSynchronizedGroups = (
				0F7BD5932EEC55FA00FFBDDD /* ParentControlNSE */,
			);
			name = ParentControlNSE;
			packageProductDependencies = (
			);
			productName = ParentControlNSE;
			productReference = 0F7BD5922EEC55FA00FFBDDD /* ParentControlNSE.appex */;
			productType = "com.apple.product-type.app-extension";
		};
		FC4656BA2EC766E100BBCD62 /* ActivityReportExtension */ = {
			isa = PBXNativeTarget;
			buildConfigurationList = FC4656C82EC766E100BBCD62 /* Build configuration list for PBXNativeTarget "ActivityReportExtension" */;
			buildPhases = (
				FC4656B72EC766E100BBCD62 /* Sources */,
				FC4656B82EC766E100BBCD62 /* Frameworks */,
				FC4656B92EC766E100BBCD62 /* Resources */,
			);
			buildRules = (
			);
			dependencies = (
			);
			fileSystemSynchronizedGroups = (
				FC4656BC2EC766E100BBCD62 /* ActivityReportExtension */,
			);
			name = ActivityReportExtension;
			packageProductDependencies = (
			);
			productName = ActivityReportExtension;
			productReference = FC4656BB2EC766E100BBCD62 /* ActivityReportExtension.appex */;
			productType = "com.apple.product-type.extensionkit-extension";
		};
		FC8124CE2EE02EBB0085AD05 /* ActivityMonitorExtension */ = {
			isa = PBXNativeTarget;
			buildConfigurationList = FC8124D92EE02EBB0085AD05 /* Build configuration list for PBXNativeTarget "ActivityMonitorExtension" */;
			buildPhases = (
				FC8124CB2EE02EBB0085AD05 /* Sources */,
				FC8124CC2EE02EBB0085AD05 /* Frameworks */,
				FC8124CD2EE02EBB0085AD05 /* Resources */,
			);
			buildRules = (
			);
			dependencies = (
			);
			fileSystemSynchronizedGroups = (
				FC8124D12EE02EBB0085AD05 /* ActivityMonitorExtension */,
			);
			name = ActivityMonitorExtension;
			packageProductDependencies = (
			);
			productName = ActivityMonitorExtension;
			productReference = FC8124CF2EE02EBB0085AD05 /* ActivityMonitorExtension.appex */;
			productType = "com.apple.product-type.app-extension";
		};
		FC8A8A112EC1499C009A90EF /* Parent */ = {
			isa = PBXNativeTarget;
			buildConfigurationList = FC8A8A362EC1499E009A90EF /* Build configuration list for PBXNativeTarget "Parent" */;
			buildPhases = (
				FC8A8A0E2EC1499C009A90EF /* Sources */,
				FC8A8A0F2EC1499C009A90EF /* Frameworks */,
				FC8A8A102EC1499C009A90EF /* Resources */,
				FC4656CC2EC766E100BBCD62 /* Embed ExtensionKit Extensions */,
				FC0066F72ED596820027118B /* Embed Foundation Extensions */,
			);
			buildRules = (
			);
			dependencies = (
				FC4656C62EC766E100BBCD62 /* PBXTargetDependency */,
				FC8124D72EE02EBB0085AD05 /* PBXTargetDependency */,
				0F7BD5982EEC55FA00FFBDDD /* PBXTargetDependency */,
			);
			fileSystemSynchronizedGroups = (
				FC8A8A142EC1499C009A90EF /* Parent */,
			);
			name = Parent;
			packageProductDependencies = (
			);
			productName = Parent;
			productReference = FC8A8A122EC1499C009A90EF /* Parent.app */;
			productType = "com.apple.product-type.application";
		};
		FC8A8A212EC1499E009A90EF /* ParentTests */ = {
			isa = PBXNativeTarget;
			buildConfigurationList = FC8A8A392EC1499E009A90EF /* Build configuration list for PBXNativeTarget "ParentTests" */;
			buildPhases = (
				FC8A8A1E2EC1499E009A90EF /* Sources */,
				FC8A8A1F2EC1499E009A90EF /* Frameworks */,
				FC8A8A202EC1499E009A90EF /* Resources */,
			);
			buildRules = (
			);
			dependencies = (
				FC8A8A242EC1499E009A90EF /* PBXTargetDependency */,
			);
			fileSystemSynchronizedGroups = (
				FC8A8A252EC1499E009A90EF /* ParentTests */,
			);
			name = ParentTests;
			packageProductDependencies = (
			);
			productName = ParentTests;
			productReference = FC8A8A222EC1499E009A90EF /* ParentTests.xctest */;
			productType = "com.apple.product-type.bundle.unit-test";
		};
		FC8A8A2B2EC1499E009A90EF /* ParentUITests */ = {
			isa = PBXNativeTarget;
			buildConfigurationList = FC8A8A3C2EC1499E009A90EF /* Build configuration list for PBXNativeTarget "ParentUITests" */;
			buildPhases = (
				FC8A8A282EC1499E009A90EF /* Sources */,
				FC8A8A292EC1499E009A90EF /* Frameworks */,
				FC8A8A2A2EC1499E009A90EF /* Resources */,
			);
			buildRules = (
			);
			dependencies = (
				FC8A8A2E2EC1499E009A90EF /* PBXTargetDependency */,
			);
			fileSystemSynchronizedGroups = (
				FC8A8A2F2EC1499E009A90EF /* ParentUITests */,
			);
			name = ParentUITests;
			packageProductDependencies = (
			);
			productName = ParentUITests;
			productReference = FC8A8A2C2EC1499E009A90EF /* ParentUITests.xctest */;
			productType = "com.apple.product-type.bundle.ui-testing";
		};
/* End PBXNativeTarget section */

/* Begin PBXProject section */
		FC8A8A0A2EC1499C009A90EF /* Project object */ = {
			isa = PBXProject;
			attributes = {
				BuildIndependentTargetsInParallel = 1;
				LastSwiftUpdateCheck = 1640;
				LastUpgradeCheck = 1600;
				TargetAttributes = {
					0F7BD5912EEC55FA00FFBDDD = {
						CreatedOnToolsVersion = 16.4;
					};
					FC4656BA2EC766E100BBCD62 = {
						CreatedOnToolsVersion = 16.0;
					};
					FC8124CE2EE02EBB0085AD05 = {
						CreatedOnToolsVersion = 16.0;
					};
					FC8A8A112EC1499C009A90EF = {
						CreatedOnToolsVersion = 16.0;
					};
					FC8A8A212EC1499E009A90EF = {
						CreatedOnToolsVersion = 16.0;
						TestTargetID = FC8A8A112EC1499C009A90EF;
					};
					FC8A8A2B2EC1499E009A90EF = {
						CreatedOnToolsVersion = 16.0;
						TestTargetID = FC8A8A112EC1499C009A90EF;
					};
				};
			};
			buildConfigurationList = FC8A8A0D2EC1499C009A90EF /* Build configuration list for PBXProject "Parent" */;
			developmentRegion = en;
			hasScannedForEncodings = 0;
			knownRegions = (
				en,
				Base,
			);
			mainGroup = FC8A8A092EC1499C009A90EF;
			minimizedProjectReferenceProxies = 1;
			preferredProjectObjectVersion = 77;
			productRefGroup = FC8A8A132EC1499C009A90EF /* Products */;
			projectDirPath = "";
			projectRoot = "";
			targets = (
				FC8A8A112EC1499C009A90EF /* Parent */,
				FC8A8A212EC1499E009A90EF /* ParentTests */,
				FC8A8A2B2EC1499E009A90EF /* ParentUITests */,
				FC4656BA2EC766E100BBCD62 /* ActivityReportExtension */,
				FC8124CE2EE02EBB0085AD05 /* ActivityMonitorExtension */,
				0F7BD5912EEC55FA00FFBDDD /* ParentControlNSE */,
			);
		};
/* End PBXProject section */

/* Begin PBXResourcesBuildPhase section */
		0F7BD5902EEC55FA00FFBDDD /* Resources */ = {
			isa = PBXResourcesBuildPhase;
			buildActionMask = 2147483647;
			files = (
			);
			runOnlyForDeploymentPostprocessing = 0;
		};
		FC4656B92EC766E100BBCD62 /* Resources */ = {
			isa = PBXResourcesBuildPhase;
			buildActionMask = 2147483647;
			files = (
			);
			runOnlyForDeploymentPostprocessing = 0;
		};
		FC8124CD2EE02EBB0085AD05 /* Resources */ = {
			isa = PBXResourcesBuildPhase;
			buildActionMask = 2147483647;
			files = (
			);
			runOnlyForDeploymentPostprocessing = 0;
		};
		FC8A8A102EC1499C009A90EF /* Resources */ = {
			isa = PBXResourcesBuildPhase;
			buildActionMask = 2147483647;
			files = (
			);
			runOnlyForDeploymentPostprocessing = 0;
		};
		FC8A8A202EC1499E009A90EF /* Resources */ = {
			isa = PBXResourcesBuildPhase;
			buildActionMask = 2147483647;
			files = (
			);
			runOnlyForDeploymentPostprocessing = 0;
		};
		FC8A8A2A2EC1499E009A90EF /* Resources */ = {
			isa = PBXResourcesBuildPhase;
			buildActionMask = 2147483647;
			files = (
			);
			runOnlyForDeploymentPostprocessing = 0;
		};
/* End PBXResourcesBuildPhase section */

/* Begin PBXSourcesBuildPhase section */
		0F7BD58E2EEC55FA00FFBDDD /* Sources */ = {
			isa = PBXSourcesBuildPhase;
			buildActionMask = 2147483647;
			files = (
			);
			runOnlyForDeploymentPostprocessing = 0;
		};
		FC4656B72EC766E100BBCD62 /* Sources */ = {
			isa = PBXSourcesBuildPhase;
			buildActionMask = 2147483647;
			files = (
			);
			runOnlyForDeploymentPostprocessing = 0;
		};
		FC8124CB2EE02EBB0085AD05 /* Sources */ = {
			isa = PBXSourcesBuildPhase;
			buildActionMask = 2147483647;
			files = (
			);
			runOnlyForDeploymentPostprocessing = 0;
		};
		FC8A8A0E2EC1499C009A90EF /* Sources */ = {
			isa = PBXSourcesBuildPhase;
			buildActionMask = 2147483647;
			files = (
			);
			runOnlyForDeploymentPostprocessing = 0;
		};
		FC8A8A1E2EC1499E009A90EF /* Sources */ = {
			isa = PBXSourcesBuildPhase;
			buildActionMask = 2147483647;
			files = (
			);
			runOnlyForDeploymentPostprocessing = 0;
		};
		FC8A8A282EC1499E009A90EF /* Sources */ = {
			isa = PBXSourcesBuildPhase;
			buildActionMask = 2147483647;
			files = (
			);
			runOnlyForDeploymentPostprocessing = 0;
		};
/* End PBXSourcesBuildPhase section */

/* Begin PBXTargetDependency section */
		0F7BD5982EEC55FA00FFBDDD /* PBXTargetDependency */ = {
			isa = PBXTargetDependency;
			target = 0F7BD5912EEC55FA00FFBDDD /* ParentControlNSE */;
			targetProxy = 0F7BD5972EEC55FA00FFBDDD /* PBXContainerItemProxy */;
		};
		FC4656C62EC766E100BBCD62 /* PBXTargetDependency */ = {
			isa = PBXTargetDependency;
			target = FC4656BA2EC766E100BBCD62 /* ActivityReportExtension */;
			targetProxy = FC4656C52EC766E100BBCD62 /* PBXContainerItemProxy */;
		};
		FC8124D72EE02EBB0085AD05 /* PBXTargetDependency */ = {
			isa = PBXTargetDependency;
			target = FC8124CE2EE02EBB0085AD05 /* ActivityMonitorExtension */;
			targetProxy = FC8124D62EE02EBB0085AD05 /* PBXContainerItemProxy */;
		};
		FC8A8A242EC1499E009A90EF /* PBXTargetDependency */ = {
			isa = PBXTargetDependency;
			target = FC8A8A112EC1499C009A90EF /* Parent */;
			targetProxy = FC8A8A232EC1499E009A90EF /* PBXContainerItemProxy */;
		};
		FC8A8A2E2EC1499E009A90EF /* PBXTargetDependency */ = {
			isa = PBXTargetDependency;
			target = FC8A8A112EC1499C009A90EF /* Parent */;
			targetProxy = FC8A8A2D2EC1499E009A90EF /* PBXContainerItemProxy */;
		};
/* End PBXTargetDependency section */

/* Begin XCBuildConfiguration section */
		0F7BD59B2EEC55FA00FFBDDD /* Debug */ = {
			isa = XCBuildConfiguration;
			buildSettings = {
				CODE_SIGN_ENTITLEMENTS = ParentControlNSE/ParentControlNSE.entitlements;
				CODE_SIGN_IDENTITY = "Apple Development";
				CODE_SIGN_STYLE = Automatic;
				CURRENT_PROJECT_VERSION = 1;
				DEVELOPMENT_TEAM = 497Z5AY56K;
				GENERATE_INFOPLIST_FILE = YES;
				INFOPLIST_FILE = ParentControlNSE/Info.plist;
				INFOPLIST_KEY_CFBundleDisplayName = ParentControlNSE;
				INFOPLIST_KEY_NSHumanReadableCopyright = "";
				IPHONEOS_DEPLOYMENT_TARGET = 18.5;
				LD_RUNPATH_SEARCH_PATHS = (
					"$(inherited)",
					"@executable_path/Frameworks",
					"@executable_path/../../Frameworks",
				);
				MARKETING_VERSION = 1.0;
				PRODUCT_BUNDLE_IDENTIFIER = com.laborato.Parent.ParentControlNSE;
				PRODUCT_NAME = "$(TARGET_NAME)";
				SKIP_INSTALL = YES;
				SWIFT_EMIT_LOC_STRINGS = YES;
				SWIFT_VERSION = 5.0;
				TARGETED_DEVICE_FAMILY = "1,2";
			};
			name = Debug;
		};
		0F7BD59C2EEC55FA00FFBDDD /* Release */ = {
			isa = XCBuildConfiguration;
			buildSettings = {
				CODE_SIGN_ENTITLEMENTS = ParentControlNSE/ParentControlNSE.entitlements;
				CODE_SIGN_IDENTITY = "Apple Development";
				CODE_SIGN_STYLE = Automatic;
				CURRENT_PROJECT_VERSION = 1;
				DEVELOPMENT_TEAM = 497Z5AY56K;
				GENERATE_INFOPLIST_FILE = YES;
				INFOPLIST_FILE = ParentControlNSE/Info.plist;
				INFOPLIST_KEY_CFBundleDisplayName = ParentControlNSE;
				INFOPLIST_KEY_NSHumanReadableCopyright = "";
				IPHONEOS_DEPLOYMENT_TARGET = 18.5;
				LD_RUNPATH_SEARCH_PATHS = (
					"$(inherited)",
					"@executable_path/Frameworks",
					"@executable_path/../../Frameworks",
				);
				MARKETING_VERSION = 1.0;
				PRODUCT_BUNDLE_IDENTIFIER = com.laborato.Parent.ParentControlNSE;
				PRODUCT_NAME = "$(TARGET_NAME)";
				SKIP_INSTALL = YES;
				SWIFT_EMIT_LOC_STRINGS = YES;
				SWIFT_VERSION = 5.0;
				TARGETED_DEVICE_FAMILY = "1,2";
			};
			name = Release;
		};
		FC4656C92EC766E100BBCD62 /* Debug */ = {
			isa = XCBuildConfiguration;
			buildSettings = {
				CODE_SIGN_ENTITLEMENTS = ActivityReportExtension/ActivityReportExtension.entitlements;
				CODE_SIGN_IDENTITY = "Apple Development";
				CODE_SIGN_STYLE = Automatic;
				CURRENT_PROJECT_VERSION = 1;
				DEVELOPMENT_TEAM = 497Z5AY56K;
				GENERATE_INFOPLIST_FILE = YES;
				INFOPLIST_FILE = ActivityReportExtension/Info.plist;
				INFOPLIST_KEY_CFBundleDisplayName = ActivityReportExtension;
				INFOPLIST_KEY_NSHumanReadableCopyright = "";
				LD_RUNPATH_SEARCH_PATHS = (
					"$(inherited)",
					"@executable_path/Frameworks",
					"@executable_path/../../Frameworks",
				);
				MARKETING_VERSION = 1.0;
				PRODUCT_BUNDLE_IDENTIFIER = com.laborato.Parent.ActivityReportExtension;
				PRODUCT_NAME = "$(TARGET_NAME)";
				PROVISIONING_PROFILE_SPECIFIER = "";
				SKIP_INSTALL = YES;
				SWIFT_EMIT_LOC_STRINGS = YES;
				SWIFT_VERSION = 5.0;
				TARGETED_DEVICE_FAMILY = "1,2";
			};
			name = Debug;
		};
		FC4656CA2EC766E100BBCD62 /* Release */ = {
			isa = XCBuildConfiguration;
			buildSettings = {
				CODE_SIGN_ENTITLEMENTS = ActivityReportExtension/ActivityReportExtension.entitlements;
				CODE_SIGN_IDENTITY = "Apple Development";
				CODE_SIGN_STYLE = Automatic;
				CURRENT_PROJECT_VERSION = 1;
				DEVELOPMENT_TEAM = 497Z5AY56K;
				GENERATE_INFOPLIST_FILE = YES;
				INFOPLIST_FILE = ActivityReportExtension/Info.plist;
				INFOPLIST_KEY_CFBundleDisplayName = ActivityReportExtension;
				INFOPLIST_KEY_NSHumanReadableCopyright = "";
				LD_RUNPATH_SEARCH_PATHS = (
					"$(inherited)",
					"@executable_path/Frameworks",
					"@executable_path/../../Frameworks",
				);
				MARKETING_VERSION = 1.0;
				PRODUCT_BUNDLE_IDENTIFIER = com.laborato.Parent.ActivityReportExtension;
				PRODUCT_NAME = "$(TARGET_NAME)";
				PROVISIONING_PROFILE_SPECIFIER = "";
				SKIP_INSTALL = YES;
				SWIFT_EMIT_LOC_STRINGS = YES;
				SWIFT_VERSION = 5.0;
				TARGETED_DEVICE_FAMILY = "1,2";
			};
			name = Release;
		};
		FC8124DA2EE02EBB0085AD05 /* Debug */ = {
			isa = XCBuildConfiguration;
			buildSettings = {
				CODE_SIGN_ENTITLEMENTS = ActivityMonitorExtension/ActivityMonitorExtension.entitlements;
				CODE_SIGN_IDENTITY = "Apple Development";
				CODE_SIGN_STYLE = Automatic;
				CURRENT_PROJECT_VERSION = 1;
				DEVELOPMENT_TEAM = 497Z5AY56K;
				GENERATE_INFOPLIST_FILE = YES;
				INFOPLIST_FILE = ActivityMonitorExtension/Info.plist;
				INFOPLIST_KEY_CFBundleDisplayName = ActivityMonitorExtension;
				INFOPLIST_KEY_NSHumanReadableCopyright = "";
				LD_RUNPATH_SEARCH_PATHS = (
					"$(inherited)",
					"@executable_path/Frameworks",
					"@executable_path/../../Frameworks",
				);
				MARKETING_VERSION = 1.0;
				PRODUCT_BUNDLE_IDENTIFIER = com.laborato.Parent.ActivityMonitorExtension;
				PRODUCT_NAME = "$(TARGET_NAME)";
				SKIP_INSTALL = YES;
				SWIFT_EMIT_LOC_STRINGS = YES;
				SWIFT_VERSION = 5.0;
				TARGETED_DEVICE_FAMILY = "1,2";
			};
			name = Debug;
		};
		FC8124DB2EE02EBB0085AD05 /* Release */ = {
			isa = XCBuildConfiguration;
			buildSettings = {
				CODE_SIGN_ENTITLEMENTS = ActivityMonitorExtension/ActivityMonitorExtension.entitlements;
				CODE_SIGN_IDENTITY = "Apple Development";
				CODE_SIGN_STYLE = Automatic;
				CURRENT_PROJECT_VERSION = 1;
				DEVELOPMENT_TEAM = 497Z5AY56K;
				GENERATE_INFOPLIST_FILE = YES;
				INFOPLIST_FILE = ActivityMonitorExtension/Info.plist;
				INFOPLIST_KEY_CFBundleDisplayName = ActivityMonitorExtension;
				INFOPLIST_KEY_NSHumanReadableCopyright = "";
				LD_RUNPATH_SEARCH_PATHS = (
					"$(inherited)",
					"@executable_path/Frameworks",
					"@executable_path/../../Frameworks",
				);
				MARKETING_VERSION = 1.0;
				PRODUCT_BUNDLE_IDENTIFIER = com.laborato.Parent.ActivityMonitorExtension;
				PRODUCT_NAME = "$(TARGET_NAME)";
				SKIP_INSTALL = YES;
				SWIFT_EMIT_LOC_STRINGS = YES;
				SWIFT_VERSION = 5.0;
				TARGETED_DEVICE_FAMILY = "1,2";
			};
			name = Release;
		};
		FC8A8A342EC1499E009A90EF /* Debug */ = {
			isa = XCBuildConfiguration;
			buildSettings = {
				ALWAYS_SEARCH_USER_PATHS = NO;
				ASSETCATALOG_COMPILER_GENERATE_SWIFT_ASSET_SYMBOL_EXTENSIONS = YES;
				CLANG_ANALYZER_NONNULL = YES;
				CLANG_ANALYZER_NUMBER_OBJECT_CONVERSION = YES_AGGRESSIVE;
				CLANG_CXX_LANGUAGE_STANDARD = "gnu++20";
				CLANG_ENABLE_MODULES = YES;
				CLANG_ENABLE_OBJC_ARC = YES;
				CLANG_ENABLE_OBJC_WEAK = YES;
				CLANG_WARN_BLOCK_CAPTURE_AUTORELEASING = YES;
				CLANG_WARN_BOOL_CONVERSION = YES;
				CLANG_WARN_COMMA = YES;
				CLANG_WARN_CONSTANT_CONVERSION = YES;
				CLANG_WARN_DEPRECATED_OBJC_IMPLEMENTATIONS = YES;
				CLANG_WARN_DIRECT_OBJC_ISA_USAGE = YES_ERROR;
				CLANG_WARN_DOCUMENTATION_COMMENTS = YES;
				CLANG_WARN_EMPTY_BODY = YES;
				CLANG_WARN_ENUM_CONVERSION = YES;
				CLANG_WARN_INFINITE_RECURSION = YES;
				CLANG_WARN_INT_CONVERSION = YES;
				CLANG_WARN_NON_LITERAL_NULL_CONVERSION = YES;
				CLANG_WARN_OBJC_IMPLICIT_RETAIN_SELF = YES;
				CLANG_WARN_OBJC_LITERAL_CONVERSION = YES;
				CLANG_WARN_OBJC_ROOT_CLASS = YES_ERROR;
				CLANG_WARN_QUOTED_INCLUDE_IN_FRAMEWORK_HEADER = YES;
				CLANG_WARN_RANGE_LOOP_ANALYSIS = YES;
				CLANG_WARN_STRICT_PROTOTYPES = YES;
				CLANG_WARN_SUSPICIOUS_MOVE = YES;
				CLANG_WARN_UNGUARDED_AVAILABILITY = YES_AGGRESSIVE;
				CLANG_WARN_UNREACHABLE_CODE = YES;
				CLANG_WARN__DUPLICATE_METHOD_MATCH = YES;
				COPY_PHASE_STRIP = NO;
				DEBUG_INFORMATION_FORMAT = dwarf;
				ENABLE_STRICT_OBJC_MSGSEND = YES;
				ENABLE_TESTABILITY = YES;
				ENABLE_USER_SCRIPT_SANDBOXING = YES;
				GCC_C_LANGUAGE_STANDARD = gnu17;
				GCC_DYNAMIC_NO_PIC = NO;
				GCC_NO_COMMON_BLOCKS = YES;
				GCC_OPTIMIZATION_LEVEL = 0;
				GCC_PREPROCESSOR_DEFINITIONS = (
					"DEBUG=1",
					"$(inherited)",
				);
				GCC_WARN_64_TO_32_BIT_CONVERSION = YES;
				GCC_WARN_ABOUT_RETURN_TYPE = YES_ERROR;
				GCC_WARN_UNDECLARED_SELECTOR = YES;
				GCC_WARN_UNINITIALIZED_AUTOS = YES_AGGRESSIVE;
				GCC_WARN_UNUSED_FUNCTION = YES;
				GCC_WARN_UNUSED_VARIABLE = YES;
				IPHONEOS_DEPLOYMENT_TARGET = 18.0;
				LOCALIZATION_PREFERS_STRING_CATALOGS = YES;
				MTL_ENABLE_DEBUG_INFO = INCLUDE_SOURCE;
				MTL_FAST_MATH = YES;
				ONLY_ACTIVE_ARCH = YES;
				SDKROOT = iphoneos;
				SWIFT_ACTIVE_COMPILATION_CONDITIONS = "DEBUG $(inherited)";
				SWIFT_OPTIMIZATION_LEVEL = "-Onone";
			};
			name = Debug;
		};
		FC8A8A352EC1499E009A90EF /* Release */ = {
			isa = XCBuildConfiguration;
			buildSettings = {
				ALWAYS_SEARCH_USER_PATHS = NO;
				ASSETCATALOG_COMPILER_GENERATE_SWIFT_ASSET_SYMBOL_EXTENSIONS = YES;
				CLANG_ANALYZER_NONNULL = YES;
				CLANG_ANALYZER_NUMBER_OBJECT_CONVERSION = YES_AGGRESSIVE;
				CLANG_CXX_LANGUAGE_STANDARD = "gnu++20";
				CLANG_ENABLE_MODULES = YES;
				CLANG_ENABLE_OBJC_ARC = YES;
				CLANG_ENABLE_OBJC_WEAK = YES;
				CLANG_WARN_BLOCK_CAPTURE_AUTORELEASING = YES;
				CLANG_WARN_BOOL_CONVERSION = YES;
				CLANG_WARN_COMMA = YES;
				CLANG_WARN_CONSTANT_CONVERSION = YES;
				CLANG_WARN_DEPRECATED_OBJC_IMPLEMENTATIONS = YES;
				CLANG_WARN_DIRECT_OBJC_ISA_USAGE = YES_ERROR;
				CLANG_WARN_DOCUMENTATION_COMMENTS = YES;
				CLANG_WARN_EMPTY_BODY = YES;
				CLANG_WARN_ENUM_CONVERSION = YES;
				CLANG_WARN_INFINITE_RECURSION = YES;
				CLANG_WARN_INT_CONVERSION = YES;
				CLANG_WARN_NON_LITERAL_NULL_CONVERSION = YES;
				CLANG_WARN_OBJC_IMPLICIT_RETAIN_SELF = YES;
				CLANG_WARN_OBJC_LITERAL_CONVERSION = YES;
				CLANG_WARN_OBJC_ROOT_CLASS = YES_ERROR;
				CLANG_WARN_QUOTED_INCLUDE_IN_FRAMEWORK_HEADER = YES;
				CLANG_WARN_RANGE_LOOP_ANALYSIS = YES;
				CLANG_WARN_STRICT_PROTOTYPES = YES;
				CLANG_WARN_SUSPICIOUS_MOVE = YES;
				CLANG_WARN_UNGUARDED_AVAILABILITY = YES_AGGRESSIVE;
				CLANG_WARN_UNREACHABLE_CODE = YES;
				CLANG_WARN__DUPLICATE_METHOD_MATCH = YES;
				COPY_PHASE_STRIP = NO;
				DEBUG_INFORMATION_FORMAT = "dwarf-with-dsym";
				ENABLE_NS_ASSERTIONS = NO;
				ENABLE_STRICT_OBJC_MSGSEND = YES;
				ENABLE_USER_SCRIPT_SANDBOXING = YES;
				GCC_C_LANGUAGE_STANDARD = gnu17;
				GCC_NO_COMMON_BLOCKS = YES;
				GCC_WARN_64_TO_32_BIT_CONVERSION = YES;
				GCC_WARN_ABOUT_RETURN_TYPE = YES_ERROR;
				GCC_WARN_UNDECLARED_SELECTOR = YES;
				GCC_WARN_UNINITIALIZED_AUTOS = YES_AGGRESSIVE;
				GCC_WARN_UNUSED_FUNCTION = YES;
				GCC_WARN_UNUSED_VARIABLE = YES;
				IPHONEOS_DEPLOYMENT_TARGET = 18.0;
				LOCALIZATION_PREFERS_STRING_CATALOGS = YES;
				MTL_ENABLE_DEBUG_INFO = NO;
				MTL_FAST_MATH = YES;
				SDKROOT = iphoneos;
				SWIFT_COMPILATION_MODE = wholemodule;
				VALIDATE_PRODUCT = YES;
			};
			name = Release;
		};
		FC8A8A372EC1499E009A90EF /* Debug */ = {
			isa = XCBuildConfiguration;
			buildSettings = {
				ASSETCATALOG_COMPILER_APPICON_NAME = AppIcon;
				ASSETCATALOG_COMPILER_GLOBAL_ACCENT_COLOR_NAME = AccentColor;
				CODE_SIGN_ENTITLEMENTS = Parent/Parent.entitlements;
				CODE_SIGN_IDENTITY = "Apple Development";
				CODE_SIGN_STYLE = Automatic;
				CURRENT_PROJECT_VERSION = 1;
				DEVELOPMENT_ASSET_PATHS = "\"Parent/Preview Content\"";
				DEVELOPMENT_TEAM = 497Z5AY56K;
				ENABLE_PREVIEWS = YES;
				GENERATE_INFOPLIST_FILE = YES;
				INFOPLIST_FILE = Parent/Info.plist;
				INFOPLIST_KEY_NSLocationAlwaysAndWhenInUseUsageDescription = "Приложению нужен постоянный доступ к геолокации для отслеживания местоположения ребенка даже когда приложение закрыто";
				INFOPLIST_KEY_NSLocationAlwaysUsageDescription = "Приложению нужен постоянный доступ к геолокации для отслеживания местоположения ребенка даже когда приложение закрыто";
				INFOPLIST_KEY_NSLocationWhenInUseUsageDescription = "Приложению нужен доступ к вашей геолокации для определения местоположения ребенка";
				INFOPLIST_KEY_UIApplicationSceneManifest_Generation = YES;
				INFOPLIST_KEY_UIApplicationSupportsIndirectInputEvents = YES;
				INFOPLIST_KEY_UILaunchScreen_Generation = YES;
				INFOPLIST_KEY_UISupportedInterfaceOrientations_iPad = "UIInterfaceOrientationPortrait UIInterfaceOrientationPortraitUpsideDown UIInterfaceOrientationLandscapeLeft UIInterfaceOrientationLandscapeRight";
				INFOPLIST_KEY_UISupportedInterfaceOrientations_iPhone = "UIInterfaceOrientationPortrait UIInterfaceOrientationLandscapeLeft UIInterfaceOrientationLandscapeRight";
				IPHONEOS_DEPLOYMENT_TARGET = 18.0;
				LD_RUNPATH_SEARCH_PATHS = (
					"$(inherited)",
					"@executable_path/Frameworks",
				);
				MARKETING_VERSION = 1.0;
				PRODUCT_BUNDLE_IDENTIFIER = com.laborato.Parent;
				PRODUCT_NAME = "$(TARGET_NAME)";
				PROVISIONING_PROFILE_SPECIFIER = "";
				SWIFT_EMIT_LOC_STRINGS = YES;
				SWIFT_VERSION = 5.0;
				TARGETED_DEVICE_FAMILY = "1,2";
			};
			name = Debug;
		};
		FC8A8A382EC1499E009A90EF /* Release */ = {
			isa = XCBuildConfiguration;
			buildSettings = {
				ASSETCATALOG_COMPILER_APPICON_NAME = AppIcon;
				ASSETCATALOG_COMPILER_GLOBAL_ACCENT_COLOR_NAME = AccentColor;
				CODE_SIGN_ENTITLEMENTS = Parent/Parent.entitlements;
				CODE_SIGN_IDENTITY = "Apple Development";
				CODE_SIGN_STYLE = Automatic;
				CURRENT_PROJECT_VERSION = 1;
				DEVELOPMENT_ASSET_PATHS = "\"Parent/Preview Content\"";
				DEVELOPMENT_TEAM = 497Z5AY56K;
				ENABLE_PREVIEWS = YES;
				GENERATE_INFOPLIST_FILE = YES;
				INFOPLIST_FILE = Parent/Info.plist;
				INFOPLIST_KEY_NSLocationAlwaysAndWhenInUseUsageDescription = "Приложению нужен постоянный доступ к геолокации для отслеживания местоположения ребенка даже когда приложение закрыто";
				INFOPLIST_KEY_NSLocationAlwaysUsageDescription = "Приложению нужен постоянный доступ к геолокации для отслеживания местоположения ребенка даже когда приложение закрыто";
				INFOPLIST_KEY_NSLocationWhenInUseUsageDescription = "Приложению нужен доступ к вашей геолокации для определения местоположения ребенка";
				INFOPLIST_KEY_UIApplicationSceneManifest_Generation = YES;
				INFOPLIST_KEY_UIApplicationSupportsIndirectInputEvents = YES;
				INFOPLIST_KEY_UILaunchScreen_Generation = YES;
				INFOPLIST_KEY_UISupportedInterfaceOrientations_iPad = "UIInterfaceOrientationPortrait UIInterfaceOrientationPortraitUpsideDown UIInterfaceOrientationLandscapeLeft UIInterfaceOrientationLandscapeRight";
				INFOPLIST_KEY_UISupportedInterfaceOrientations_iPhone = "UIInterfaceOrientationPortrait UIInterfaceOrientationLandscapeLeft UIInterfaceOrientationLandscapeRight";
				IPHONEOS_DEPLOYMENT_TARGET = 18.0;
				LD_RUNPATH_SEARCH_PATHS = (
					"$(inherited)",
					"@executable_path/Frameworks",
				);
				MARKETING_VERSION = 1.0;
				PRODUCT_BUNDLE_IDENTIFIER = com.laborato.Parent;
				PRODUCT_NAME = "$(TARGET_NAME)";
				PROVISIONING_PROFILE_SPECIFIER = "";
				SWIFT_EMIT_LOC_STRINGS = YES;
				SWIFT_VERSION = 5.0;
				TARGETED_DEVICE_FAMILY = "1,2";
			};
			name = Release;
		};
		FC8A8A3A2EC1499E009A90EF /* Debug */ = {
			isa = XCBuildConfiguration;
			buildSettings = {
				BUNDLE_LOADER = "$(TEST_HOST)";
				CODE_SIGN_STYLE = Automatic;
				CURRENT_PROJECT_VERSION = 1;
				DEVELOPMENT_TEAM = BL67M76RZ8;
				GENERATE_INFOPLIST_FILE = YES;
				IPHONEOS_DEPLOYMENT_TARGET = 18.0;
				MARKETING_VERSION = 1.0;
				PRODUCT_BUNDLE_IDENTIFIER = test.ParentTests;
				PRODUCT_NAME = "$(TARGET_NAME)";
				SWIFT_EMIT_LOC_STRINGS = NO;
				SWIFT_VERSION = 5.0;
				TARGETED_DEVICE_FAMILY = "1,2";
				TEST_HOST = "$(BUILT_PRODUCTS_DIR)/Parent.app/$(BUNDLE_EXECUTABLE_FOLDER_PATH)/Parent";
			};
			name = Debug;
		};
		FC8A8A3B2EC1499E009A90EF /* Release */ = {
			isa = XCBuildConfiguration;
			buildSettings = {
				BUNDLE_LOADER = "$(TEST_HOST)";
				CODE_SIGN_STYLE = Automatic;
				CURRENT_PROJECT_VERSION = 1;
				DEVELOPMENT_TEAM = BL67M76RZ8;
				GENERATE_INFOPLIST_FILE = YES;
				IPHONEOS_DEPLOYMENT_TARGET = 18.0;
				MARKETING_VERSION = 1.0;
				PRODUCT_BUNDLE_IDENTIFIER = test.ParentTests;
				PRODUCT_NAME = "$(TARGET_NAME)";
				SWIFT_EMIT_LOC_STRINGS = NO;
				SWIFT_VERSION = 5.0;
				TARGETED_DEVICE_FAMILY = "1,2";
				TEST_HOST = "$(BUILT_PRODUCTS_DIR)/Parent.app/$(BUNDLE_EXECUTABLE_FOLDER_PATH)/Parent";
			};
			name = Release;
		};
		FC8A8A3D2EC1499E009A90EF /* Debug */ = {
			isa = XCBuildConfiguration;
			buildSettings = {
				CODE_SIGN_STYLE = Automatic;
				CURRENT_PROJECT_VERSION = 1;
				DEVELOPMENT_TEAM = BL67M76RZ8;
				GENERATE_INFOPLIST_FILE = YES;
				MARKETING_VERSION = 1.0;
				PRODUCT_BUNDLE_IDENTIFIER = test.ParentUITests;
				PRODUCT_NAME = "$(TARGET_NAME)";
				SWIFT_EMIT_LOC_STRINGS = NO;
				SWIFT_VERSION = 5.0;
				TARGETED_DEVICE_FAMILY = "1,2";
				TEST_TARGET_NAME = Parent;
			};
			name = Debug;
		};
		FC8A8A3E2EC1499E009A90EF /* Release */ = {
			isa = XCBuildConfiguration;
			buildSettings = {
				CODE_SIGN_STYLE = Automatic;
				CURRENT_PROJECT_VERSION = 1;
				DEVELOPMENT_TEAM = BL67M76RZ8;
				GENERATE_INFOPLIST_FILE = YES;
				MARKETING_VERSION = 1.0;
				PRODUCT_BUNDLE_IDENTIFIER = test.ParentUITests;
				PRODUCT_NAME = "$(TARGET_NAME)";
				SWIFT_EMIT_LOC_STRINGS = NO;
				SWIFT_VERSION = 5.0;
				TARGETED_DEVICE_FAMILY = "1,2";
				TEST_TARGET_NAME = Parent;
			};
			name = Release;
		};
/* End XCBuildConfiguration section */

/* Begin XCConfigurationList section */
		0F7BD59A2EEC55FA00FFBDDD /* Build configuration list for PBXNativeTarget "ParentControlNSE" */ = {
			isa = XCConfigurationList;
			buildConfigurations = (
				0F7BD59B2EEC55FA00FFBDDD /* Debug */,
				0F7BD59C2EEC55FA00FFBDDD /* Release */,
			);
			defaultConfigurationIsVisible = 0;
			defaultConfigurationName = Release;
		};
		FC4656C82EC766E100BBCD62 /* Build configuration list for PBXNativeTarget "ActivityReportExtension" */ = {
			isa = XCConfigurationList;
			buildConfigurations = (
				FC4656C92EC766E100BBCD62 /* Debug */,
				FC4656CA2EC766E100BBCD62 /* Release */,
			);
			defaultConfigurationIsVisible = 0;
			defaultConfigurationName = Release;
		};
		FC8124D92EE02EBB0085AD05 /* Build configuration list for PBXNativeTarget "ActivityMonitorExtension" */ = {
			isa = XCConfigurationList;
			buildConfigurations = (
				FC8124DA2EE02EBB0085AD05 /* Debug */,
				FC8124DB2EE02EBB0085AD05 /* Release */,
			);
			defaultConfigurationIsVisible = 0;
			defaultConfigurationName = Release;
		};
		FC8A8A0D2EC1499C009A90EF /* Build configuration list for PBXProject "Parent" */ = {
			isa = XCConfigurationList;
			buildConfigurations = (
				FC8A8A342EC1499E009A90EF /* Debug */,
				FC8A8A352EC1499E009A90EF /* Release */,
			);
			defaultConfigurationIsVisible = 0;
			defaultConfigurationName = Release;
		};
		FC8A8A362EC1499E009A90EF /* Build configuration list for PBXNativeTarget "Parent" */ = {
			isa = XCConfigurationList;
			buildConfigurations = (
				FC8A8A372EC1499E009A90EF /* Debug */,
				FC8A8A382EC1499E009A90EF /* Release */,
			);
			defaultConfigurationIsVisible = 0;
			defaultConfigurationName = Release;
		};
		FC8A8A392EC1499E009A90EF /* Build configuration list for PBXNativeTarget "ParentTests" */ = {
			isa = XCConfigurationList;
			buildConfigurations = (
				FC8A8A3A2EC1499E009A90EF /* Debug */,
				FC8A8A3B2EC1499E009A90EF /* Release */,
			);
			defaultConfigurationIsVisible = 0;
			defaultConfigurationName = Release;
		};
		FC8A8A3C2EC1499E009A90EF /* Build configuration list for PBXNativeTarget "ParentUITests" */ = {
			isa = XCConfigurationList;
			buildConfigurations = (
				FC8A8A3D2EC1499E009A90EF /* Debug */,
				FC8A8A3E2EC1499E009A90EF /* Release */,
			);
			defaultConfigurationIsVisible = 0;
			defaultConfigurationName = Release;
		};
/* End XCConfigurationList section */
	};
	rootObject = FC8A8A0A2EC1499C009A90EF /* Project object */;
}
